
Microsoft Visual Studio Solution File, Format Version 12.00
# Visual Studio Version 17
VisualStudioVersion = 17.11.35222.181
MinimumVisualStudioVersion = 10.0.40219.1
Project("{FAE04EC0-301F-11D3-BF4B-00C04F79EFBC}") = "MVC Application", "MVC Application\MVC Application.csproj", "{4D62CF93-3A84-498A-BA25-3AE5FAFF7FE8}"
EndProject
Global
	GlobalSection(SolutionConfigurationPlatforms) = preSolution
		Debug|Any CPU = Debug|Any CPU
		Release|Any CPU = Release|Any CPU
	EndGlobalSection
	GlobalSection(ProjectConfigurationPlatforms) = postSolution
		{4D62CF93-3A84-498A-BA25-3AE5FAFF7FE8}.Debug|Any CPU.ActiveCfg = Debug|Any CPU
		{4D62CF93-3A84-498A-BA25-3AE5FAFF7FE8}.Debug|Any CPU.Build.0 = Debug|Any CPU
		{4D62CF93-3A84-498A-BA25-3AE5FAFF7FE8}.Release|Any CPU.ActiveCfg = Release|Any CPU
		{4D62CF93-3A84-498A-BA25-3AE5FAFF7FE8}.Release|Any CPU.Build.0 = Release|Any CPU
	EndGlobalSection
	GlobalSection(SolutionProperties) = preSolution
		HideSolutionNode = FALSE
	EndGlobalSection
	GlobalSection(ExtensibilityGlobals) = postSolution
		SolutionGuid = {8145D50B-7640-4161-9009-69B368B88AA7}
	EndGlobalSection
EndGlobal
